Microsoft Visual Studio Solution File, Format Version 12.00
# Visual Studio 2012
Project("{8BC9CEB8-8B4A-11D0-8D11-00A0C91BC942}") = "dimBody", "dimBody.vcxproj", "{7FD42DF7-442E-479A-BA76-D0022F99702A}"
EndProject
Project("{8BC9CEB8-8B4A-11D0-8D11-00A0C91BC942}") = "openframeworksLib", "..\..\..\libs\openFrameworksCompiled\project\vs\openframeworksLib.vcxproj", "{5837595D-ACA9-485C-8E76-729040CE4B0B}"
EndProject
Project("{8BC9CEB8-8B4A-11D0-8D11-00A0C91BC942}") = "learnOpenFramework", "..\learnOpenFramework\learnOpenFramework.vcxproj", "{D0669340-FB10-4465-82F0-01F6F6E99CC5}"
EndProject
Project("{8BC9CEB8-8B4A-11D0-8D11-00A0C91BC942}") = "Curtain_control", "..\Curtain_control\Curtain_control.vcxproj", "{CFE56DDA-A7CD-4851-9FC6-E950D6A81BA0}"
EndProject
Project("{F088123C-0E9E-452A-89E6-6BA2F21D5CAC}") = "ModelingProject1", "..\ModelingProject1\ModelingProject1.modelproj", "{508FE940-798B-40B0-8B3A-79F1940A428E}"
EndProject
Global
	GlobalSection(SolutionConfigurationPlatforms) = preSolution
		Debug|Any CPU = Debug|Any CPU
		Debug|Mixed Platforms = Debug|Mixed Platforms
		Debug|Win32 = Debug|Win32
		Release|Any CPU = Release|Any CPU
		Release|Mixed Platforms = Release|Mixed Platforms
		Release|Win32 = Release|Win32
	EndGlobalSection
	GlobalSection(ProjectConfigurationPlatforms) = postSolution
		{7FD42DF7-442E-479A-BA76-D0022F99702A}.Debug|Any CPU.ActiveCfg = Debug|Win32
		{7FD42DF7-442E-479A-BA76-D0022F99702A}.Debug|Mixed Platforms.ActiveCfg = Debug|Win32
		{7FD42DF7-442E-479A-BA76-D0022F99702A}.Debug|Mixed Platforms.Build.0 = Debug|Win32
		{7FD42DF7-442E-479A-BA76-D0022F99702A}.Debug|Win32.ActiveCfg = Debug|Win32
		{7FD42DF7-442E-479A-BA76-D0022F99702A}.Debug|Win32.Build.0 = Debug|Win32
		{7FD42DF7-442E-479A-BA76-D0022F99702A}.Release|Any CPU.ActiveCfg = Release|Win32
		{7FD42DF7-442E-479A-BA76-D0022F99702A}.Release|Mixed Platforms.ActiveCfg = Release|Win32
		{7FD42DF7-442E-479A-BA76-D0022F99702A}.Release|Mixed Platforms.Build.0 = Release|Win32
		{7FD42DF7-442E-479A-BA76-D0022F99702A}.Release|Win32.ActiveCfg = Release|Win32
		{7FD42DF7-442E-479A-BA76-D0022F99702A}.Release|Win32.Build.0 = Release|Win32
		{5837595D-ACA9-485C-8E76-729040CE4B0B}.Debug|Any CPU.ActiveCfg = Debug|Win32
		{5837595D-ACA9-485C-8E76-729040CE4B0B}.Debug|Mixed Platforms.ActiveCfg = Debug|Win32
		{5837595D-ACA9-485C-8E76-729040CE4B0B}.Debug|Mixed Platforms.Build.0 = Debug|Win32
		{5837595D-ACA9-485C-8E76-729040CE4B0B}.Debug|Win32.ActiveCfg = Debug|Win32
		{5837595D-ACA9-485C-8E76-729040CE4B0B}.Debug|Win32.Build.0 = Debug|Win32
		{5837595D-ACA9-485C-8E76-729040CE4B0B}.Release|Any CPU.ActiveCfg = Release|Win32
		{5837595D-ACA9-485C-8E76-729040CE4B0B}.Release|Mixed Platforms.ActiveCfg = Release|Win32
		{5837595D-ACA9-485C-8E76-729040CE4B0B}.Release|Mixed Platforms.Build.0 = Release|Win32
		{5837595D-ACA9-485C-8E76-729040CE4B0B}.Release|Win32.ActiveCfg = Release|Win32
		{5837595D-ACA9-485C-8E76-729040CE4B0B}.Release|Win32.Build.0 = Release|Win32
		{D0669340-FB10-4465-82F0-01F6F6E99CC5}.Debug|Any CPU.ActiveCfg = Debug|Win32
		{D0669340-FB10-4465-82F0-01F6F6E99CC5}.Debug|Mixed Platforms.ActiveCfg = Debug|Win32
		{D0669340-FB10-4465-82F0-01F6F6E99CC5}.Debug|Mixed Platforms.Build.0 = Debug|Win32
		{D0669340-FB10-4465-82F0-01F6F6E99CC5}.Debug|Win32.ActiveCfg = Debug|Win32
		{D0669340-FB10-4465-82F0-01F6F6E99CC5}.Debug|Win32.Build.0 = Debug|Win32
		{D0669340-FB10-4465-82F0-01F6F6E99CC5}.Release|Any CPU.ActiveCfg = Release|Win32
		{D0669340-FB10-4465-82F0-01F6F6E99CC5}.Release|Mixed Platforms.ActiveCfg = Release|Win32
		{D0669340-FB10-4465-82F0-01F6F6E99CC5}.Release|Mixed Platforms.Build.0 = Release|Win32
		{D0669340-FB10-4465-82F0-01F6F6E99CC5}.Release|Win32.ActiveCfg = Release|Win32
		{D0669340-FB10-4465-82F0-01F6F6E99CC5}.Release|Win32.Build.0 = Release|Win32
		{CFE56DDA-A7CD-4851-9FC6-E950D6A81BA0}.Debug|Any CPU.ActiveCfg = Debug|Win32
		{CFE56DDA-A7CD-4851-9FC6-E950D6A81BA0}.Debug|Mixed Platforms.ActiveCfg = Debug|Win32
		{CFE56DDA-A7CD-4851-9FC6-E950D6A81BA0}.Debug|Mixed Platforms.Build.0 = Debug|Win32
		{CFE56DDA-A7CD-4851-9FC6-E950D6A81BA0}.Debug|Win32.ActiveCfg = Debug|Win32
		{CFE56DDA-A7CD-4851-9FC6-E950D6A81BA0}.Debug|Win32.Build.0 = Debug|Win32
		{CFE56DDA-A7CD-4851-9FC6-E950D6A81BA0}.Release|Any CPU.ActiveCfg = Release|Win32
		{CFE56DDA-A7CD-4851-9FC6-E950D6A81BA0}.Release|Mixed Platforms.ActiveCfg = Release|Win32
		{CFE56DDA-A7CD-4851-9FC6-E950D6A81BA0}.Release|Mixed Platforms.Build.0 = Release|Win32
		{CFE56DDA-A7CD-4851-9FC6-E950D6A81BA0}.Release|Win32.ActiveCfg = Release|Win32
		{CFE56DDA-A7CD-4851-9FC6-E950D6A81BA0}.Release|Win32.Build.0 = Release|Win32
		{508FE940-798B-40B0-8B3A-79F1940A428E}.Debug|Any CPU.ActiveCfg = Debug|Any CPU
		{508FE940-798B-40B0-8B3A-79F1940A428E}.Debug|Any CPU.Build.0 = Debug|Any CPU
		{508FE940-798B-40B0-8B3A-79F1940A428E}.Debug|Mixed Platforms.ActiveCfg = Debug|Any CPU
		{508FE940-798B-40B0-8B3A-79F1940A428E}.Debug|Mixed Platforms.Build.0 = Debug|Any CPU
		{508FE940-798B-40B0-8B3A-79F1940A428E}.Debug|Win32.ActiveCfg = Debug|Any CPU
		{508FE940-798B-40B0-8B3A-79F1940A428E}.Release|Any CPU.ActiveCfg = Release|Any CPU
		{508FE940-798B-40B0-8B3A-79F1940A428E}.Release|Any CPU.Build.0 = Release|Any CPU
		{508FE940-798B-40B0-8B3A-79F1940A428E}.Release|Mixed Platforms.ActiveCfg = Release|Any CPU
		{508FE940-798B-40B0-8B3A-79F1940A428E}.Release|Mixed Platforms.Build.0 = Release|Any CPU
		{508FE940-798B-40B0-8B3A-79F1940A428E}.Release|Win32.ActiveCfg = Release|Any CPU
	EndGlobalSection
	GlobalSection(SolutionProperties) = preSolution
		HideSolutionNode = FALSE
	EndGlobalSection
EndGlobal
